
Microsoft Visual Studio Solution File, Format Version 12.00
# Visual Studio Version 16
VisualStudioVersion = 16.0.29503.13
MinimumVisualStudioVersion = 10.0.40219.1
Project("{9A19103F-16F7-4668-BE54-9A1E7A4F7556}") = "ValidatiePOC", "ValidatiePOC\ValidatiePOC.csproj", "{C2DAD393-15C9-4010-8FF8-641C53D11F31}"
EndProject
Project("{9A19103F-16F7-4668-BE54-9A1E7A4F7556}") = "SharedModels", "SharedModels\SharedModels.csproj", "{DC3AAD32-3C99-4B26-B80A-7A45A7825A81}"
EndProject
Project("{9A19103F-16F7-4668-BE54-9A1E7A4F7556}") = "TestSharedModels", "TestSharedModels\TestSharedModels.csproj", "{037A0695-8CF6-438F-8FDD-3566267BABB7}"
EndProject
Project("{9A19103F-16F7-4668-BE54-9A1E7A4F7556}") = "BlazorCore", "BlazorCore\BlazorCore.csproj", "{3AA36C41-CD26-44DA-AE98-445005E3A9A4}"
EndProject
Project("{FAE04EC0-301F-11D3-BF4B-00C04F79EFBC}") = "TestValisatiePOC", "TestValisatiePOC\TestValisatiePOC.csproj", "{9BA41648-541B-4AC3-9F38-4EBD0CB21DE7}"
EndProject
Global
	GlobalSection(SolutionConfigurationPlatforms) = preSolution
		Debug|Any CPU = Debug|Any CPU
		Release|Any CPU = Release|Any CPU
	EndGlobalSection
	GlobalSection(ProjectConfigurationPlatforms) = postSolution
		{C2DAD393-15C9-4010-8FF8-641C53D11F31}.Debug|Any CPU.ActiveCfg = Debug|Any CPU
		{C2DAD393-15C9-4010-8FF8-641C53D11F31}.Debug|Any CPU.Build.0 = Debug|Any CPU
		{C2DAD393-15C9-4010-8FF8-641C53D11F31}.Release|Any CPU.ActiveCfg = Release|Any CPU
		{C2DAD393-15C9-4010-8FF8-641C53D11F31}.Release|Any CPU.Build.0 = Release|Any CPU
		{DC3AAD32-3C99-4B26-B80A-7A45A7825A81}.Debug|Any CPU.ActiveCfg = Debug|Any CPU
		{DC3AAD32-3C99-4B26-B80A-7A45A7825A81}.Debug|Any CPU.Build.0 = Debug|Any CPU
		{DC3AAD32-3C99-4B26-B80A-7A45A7825A81}.Release|Any CPU.ActiveCfg = Release|Any CPU
		{DC3AAD32-3C99-4B26-B80A-7A45A7825A81}.Release|Any CPU.Build.0 = Release|Any CPU
		{037A0695-8CF6-438F-8FDD-3566267BABB7}.Debug|Any CPU.ActiveCfg = Debug|Any CPU
		{037A0695-8CF6-438F-8FDD-3566267BABB7}.Debug|Any CPU.Build.0 = Debug|Any CPU
		{037A0695-8CF6-438F-8FDD-3566267BABB7}.Release|Any CPU.ActiveCfg = Release|Any CPU
		{037A0695-8CF6-438F-8FDD-3566267BABB7}.Release|Any CPU.Build.0 = Release|Any CPU
		{3AA36C41-CD26-44DA-AE98-445005E3A9A4}.Debug|Any CPU.ActiveCfg = Debug|Any CPU
		{3AA36C41-CD26-44DA-AE98-445005E3A9A4}.Debug|Any CPU.Build.0 = Debug|Any CPU
		{3AA36C41-CD26-44DA-AE98-445005E3A9A4}.Release|Any CPU.ActiveCfg = Release|Any CPU
		{3AA36C41-CD26-44DA-AE98-445005E3A9A4}.Release|Any CPU.Build.0 = Release|Any CPU
		{9BA41648-541B-4AC3-9F38-4EBD0CB21DE7}.Debug|Any CPU.ActiveCfg = Debug|Any CPU
		{9BA41648-541B-4AC3-9F38-4EBD0CB21DE7}.Debug|Any CPU.Build.0 = Debug|Any CPU
		{9BA41648-541B-4AC3-9F38-4EBD0CB21DE7}.Release|Any CPU.ActiveCfg = Release|Any CPU
		{9BA41648-541B-4AC3-9F38-4EBD0CB21DE7}.Release|Any CPU.Build.0 = Release|Any CPU
	EndGlobalSection
	GlobalSection(SolutionProperties) = preSolution
		HideSolutionNode = FALSE
	EndGlobalSection
	GlobalSection(ExtensibilityGlobals) = postSolution
		SolutionGuid = {9316E05F-40F7-42E4-8432-F829423AC179}
	EndGlobalSection
EndGlobal
